
Microsoft Visual Studio Solution File, Format Version 12.00
# Visual Studio Version 17
VisualStudioVersion = 17.4.33213.308
MinimumVisualStudioVersion = 10.0.40219.1
Project("{8BC9CEB8-8B4A-11D0-8D11-00A0C91BC942}") = "engine_hello_world", "examples\engine_hello_world\engine_hello_world.vcxproj", "{3C50B004-2824-472C-A9DB-CBBD916C67E3}"
EndProject
Project("{8BC9CEB8-8B4A-11D0-8D11-00A0C91BC942}") = "engine_static_init", "examples\engine_static_init\engine_static_init.vcxproj", "{58E8D73E-2663-40EE-A103-E1FCB45463C5}"
EndProject
Global
	GlobalSection(SolutionConfigurationPlatforms) = preSolution
		Debug|x64 = Debug|x64
		Debug|x86 = Debug|x86
		Release|x64 = Release|x64
		Release|x86 = Release|x86
	EndGlobalSection
	GlobalSection(ProjectConfigurationPlatforms) = postSolution
		{3C50B004-2824-472C-A9DB-CBBD916C67E3}.Debug|x64.ActiveCfg = Debug|x64
		{3C50B004-2824-472C-A9DB-CBBD916C67E3}.Debug|x64.Build.0 = Debug|x64
		{3C50B004-2824-472C-A9DB-CBBD916C67E3}.Debug|x86.ActiveCfg = Debug|Win32
		{3C50B004-2824-472C-A9DB-CBBD916C67E3}.Debug|x86.Build.0 = Debug|Win32
		{3C50B004-2824-472C-A9DB-CBBD916C67E3}.Release|x64.ActiveCfg = Release|x64
		{3C50B004-2824-472C-A9DB-CBBD916C67E3}.Release|x64.Build.0 = Release|x64
		{3C50B004-2824-472C-A9DB-CBBD916C67E3}.Release|x86.ActiveCfg = Release|Win32
		{3C50B004-2824-472C-A9DB-CBBD916C67E3}.Release|x86.Build.0 = Release|Win32
		{58E8D73E-2663-40EE-A103-E1FCB45463C5}.Debug|x64.ActiveCfg = Debug|x64
		{58E8D73E-2663-40EE-A103-E1FCB45463C5}.Debug|x64.Build.0 = Debug|x64
		{58E8D73E-2663-40EE-A103-E1FCB45463C5}.Debug|x86.ActiveCfg = Debug|Win32
		{58E8D73E-2663-40EE-A103-E1FCB45463C5}.Debug|x86.Build.0 = Debug|Win32
		{58E8D73E-2663-40EE-A103-E1FCB45463C5}.Release|x64.ActiveCfg = Release|x64
		{58E8D73E-2663-40EE-A103-E1FCB45463C5}.Release|x64.Build.0 = Release|x64
		{58E8D73E-2663-40EE-A103-E1FCB45463C5}.Release|x86.ActiveCfg = Release|Win32
		{58E8D73E-2663-40EE-A103-E1FCB45463C5}.Release|x86.Build.0 = Release|Win32
	EndGlobalSection
	GlobalSection(SolutionProperties) = preSolution
		HideSolutionNode = FALSE
	EndGlobalSection
	GlobalSection(ExtensibilityGlobals) = postSolution
		SolutionGuid = {0EC040A2-9E8E-417A-A3C4-2A053C1B556B}
	EndGlobalSection
EndGlobal
